// !$*UTF8*$!
{
	archiveVersion = 1;
	classes = {
	};
	objectVersion = 48;
	objects = {

/* Begin PBXBuildFile section */
		175DCE681FC9D0450086D6E3 /* AppDelegate.swift in Sources */ = {isa = PBXBuildFile; fileRef = 175DCE671FC9D0450086D6E3 /* AppDelegate.swift */; };
		175DCE6A1FC9D0450086D6E3 /* ViewController.swift in Sources */ = {isa = PBXBuildFile; fileRef = 175DCE691FC9D0450086D6E3 /* ViewController.swift */; };
		175DCE6D1FC9D0450086D6E3 /* Main.storyboard in Resources */ = {isa = PBXBuildFile; fileRef = 175DCE6B1FC9D0450086D6E3 /* Main.storyboard */; };
		175DCE6F1FC9D0450086D6E3 /* Assets.xcassets in Resources */ = {isa = PBXBuildFile; fileRef = 175DCE6E1FC9D0450086D6E3 /* Assets.xcassets */; };
		175DCE721FC9D0450086D6E3 /* LaunchScreen.storyboard in Resources */ = {isa = PBXBuildFile; fileRef = 175DCE701FC9D0450086D6E3 /* LaunchScreen.storyboard */; };
		175DCE7D1FC9D0450086D6E3 /* LocalizrIOSExampleTests.swift in Sources */ = {isa = PBXBuildFile; fileRef = 175DCE7C1FC9D0450086D6E3 /* LocalizrIOSExampleTests.swift */; };
		175DCE881FC9D0450086D6E3 /* LocalizrIOSExampleUITests.swift in Sources */ = {isa = PBXBuildFile; fileRef = 175DCE871FC9D0450086D6E3 /* LocalizrIOSExampleUITests.swift */; };
		175DCEA11FC9D56A0086D6E3 /* Localizable.strings in Resources */ = {isa = PBXBuildFile; fileRef = 175DCEA31FC9D56A0086D6E3 /* Localizable.strings */; };
/* End PBXBuildFile section */

/* Begin PBXContainerItemProxy section */
		175DCE791FC9D0450086D6E3 /* PBXContainerItemProxy */ = {
			isa = PBXContainerItemProxy;
			containerPortal = 175DCE5C1FC9D0450086D6E3 /* Project object */;
			proxyType = 1;
			remoteGlobalIDString = 175DCE631FC9D0450086D6E3;
			remoteInfo = LocalizrIOSExample;
		};
		175DCE841FC9D0450086D6E3 /* PBXContainerItemProxy */ = {
			isa = PBXContainerItemProxy;
			containerPortal = 175DCE5C1FC9D0450086D6E3 /* Project object */;
			proxyType = 1;
			remoteGlobalIDString = 175DCE631FC9D0450086D6E3;
			remoteInfo = LocalizrIOSExample;
		};
/* End PBXContainerItemProxy section */

/* Begin PBXFileReference section */
		175DCE641FC9D0450086D6E3 /* LocalizrIOSExample.app */ = {isa = PBXFileReference; explicitFileType = wrapper.application; includeInIndex = 0; path = LocalizrIOSExample.app; sourceTree = BUILT_PRODUCTS_DIR; };
		175DCE671FC9D0450086D6E3 /* AppDelegate.swift */ = {isa = PBXFileReference; lastKnownFileType = sourcecode.swift; path = AppDelegate.swift; sourceTree = "<group>"; };
		175DCE691FC9D0450086D6E3 /* ViewController.swift */ = {isa = PBXFileReference; lastKnownFileType = sourcecode.swift; path = ViewController.swift; sourceTree = "<group>"; };
		175DCE6C1FC9D0450086D6E3 /* Base */ = {isa = PBXFileReference; lastKnownFileType = file.storyboard; name = Base; path = Base.lproj/Main.storyboard; sourceTree = "<group>"; };
		175DCE6E1FC9D0450086D6E3 /* Assets.xcassets */ = {isa = PBXFileReference; lastKnownFileType = folder.assetcatalog; path = Assets.xcassets; sourceTree = "<group>"; };
		175DCE711FC9D0450086D6E3 /* Base */ = {isa = PBXFileReference; lastKnownFileType = file.storyboard; name = Base; path = Base.lproj/LaunchScreen.storyboard; sourceTree = "<group>"; };
		175DCE731FC9D0450086D6E3 /* Info.plist */ = {isa = PBXFileReference; lastKnownFileType = text.plist.xml; path = Info.plist; sourceTree = "<group>"; };
		175DCE781FC9D0450086D6E3 /* LocalizrIOSExampleTests.xctest */ = {isa = PBXFileReference; explicitFileType = wrapper.cfbundle; includeInIndex = 0; path = LocalizrIOSExampleTests.xctest; sourceTree = BUILT_PRODUCTS_DIR; };
		175DCE7C1FC9D0450086D6E3 /* LocalizrIOSExampleTests.swift */ = {isa = PBXFileReference; lastKnownFileType = sourcecode.swift; path = LocalizrIOSExampleTests.swift; sourceTree = "<group>"; };
		175DCE7E1FC9D0450086D6E3 /* Info.plist */ = {isa = PBXFileReference; lastKnownFileType = text.plist.xml; path = Info.plist; sourceTree = "<group>"; };
		175DCE831FC9D0450086D6E3 /* LocalizrIOSExampleUITests.xctest */ = {isa = PBXFileReference; explicitFileType = wrapper.cfbundle; includeInIndex = 0; path = LocalizrIOSExampleUITests.xctest; sourceTree = BUILT_PRODUCTS_DIR; };
		175DCE871FC9D0450086D6E3 /* LocalizrIOSExampleUITests.swift */ = {isa = PBXFileReference; lastKnownFileType = sourcecode.swift; path = LocalizrIOSExampleUITests.swift; sourceTree = "<group>"; };
		175DCE891FC9D0450086D6E3 /* Info.plist */ = {isa = PBXFileReference; lastKnownFileType = text.plist.xml; path = Info.plist; sourceTree = "<group>"; };
		175DCEA21FC9D56A0086D6E3 /* ja */ = {isa = PBXFileReference; lastKnownFileType = text.plist.strings; name = ja; path = ja.lproj/Localizable.strings; sourceTree = "<group>"; };
		175DCEA41FC9D56E0086D6E3 /* zh */ = {isa = PBXFileReference; lastKnownFileType = text.plist.strings; name = zh; path = zh.lproj/Localizable.strings; sourceTree = "<group>"; };
		175DCEA61FC9D58A0086D6E3 /* Base */ = {isa = PBXFileReference; lastKnownFileType = text.plist.strings; name = Base; path = Base.lproj/Localizable.strings; sourceTree = "<group>"; };
/* End PBXFileReference section */

/* Begin PBXFrameworksBuildPhase section */
		175DCE611FC9D0450086D6E3 /* Frameworks */ = {
			isa = PBXFrameworksBuildPhase;
			buildActionMask = 2147483647;
			files = (
			);
			runOnlyForDeploymentPostprocessing = 0;
		};
		175DCE751FC9D0450086D6E3 /* Frameworks */ = {
			isa = PBXFrameworksBuildPhase;
			buildActionMask = 2147483647;
			files = (
			);
			runOnlyForDeploymentPostprocessing = 0;
		};
		175DCE801FC9D0450086D6E3 /* Frameworks */ = {
			isa = PBXFrameworksBuildPhase;
			buildActionMask = 2147483647;
			files = (
			);
			runOnlyForDeploymentPostprocessing = 0;
		};
/* End PBXFrameworksBuildPhase section */

/* Begin PBXGroup section */
		175DCE5B1FC9D0450086D6E3 = {
			isa = PBXGroup;
			children = (
				175DCEA31FC9D56A0086D6E3 /* Localizable.strings */,
				175DCE661FC9D0450086D6E3 /* LocalizrIOSExample */,
				175DCE7B1FC9D0450086D6E3 /* LocalizrIOSExampleTests */,
				175DCE861FC9D0450086D6E3 /* LocalizrIOSExampleUITests */,
				175DCE651FC9D0450086D6E3 /* Products */,
			);
			sourceTree = "<group>";
		};
		175DCE651FC9D0450086D6E3 /* Products */ = {
			isa = PBXGroup;
			children = (
				175DCE641FC9D0450086D6E3 /* LocalizrIOSExample.app */,
				175DCE781FC9D0450086D6E3 /* LocalizrIOSExampleTests.xctest */,
				175DCE831FC9D0450086D6E3 /* LocalizrIOSExampleUITests.xctest */,
			);
			name = Products;
			sourceTree = "<group>";
		};
		175DCE661FC9D0450086D6E3 /* LocalizrIOSExample */ = {
			isa = PBXGroup;
			children = (
				175DCE671FC9D0450086D6E3 /* AppDelegate.swift */,
				175DCE691FC9D0450086D6E3 /* ViewController.swift */,
				175DCE6B1FC9D0450086D6E3 /* Main.storyboard */,
				175DCE6E1FC9D0450086D6E3 /* Assets.xcassets */,
				175DCE701FC9D0450086D6E3 /* LaunchScreen.storyboard */,
				175DCE731FC9D0450086D6E3 /* Info.plist */,
			);
			path = LocalizrIOSExample;
			sourceTree = "<group>";
		};
		175DCE7B1FC9D0450086D6E3 /* LocalizrIOSExampleTests */ = {
			isa = PBXGroup;
			children = (
				175DCE7C1FC9D0450086D6E3 /* LocalizrIOSExampleTests.swift */,
				175DCE7E1FC9D0450086D6E3 /* Info.plist */,
			);
			path = LocalizrIOSExampleTests;
			sourceTree = "<group>";
		};
		175DCE861FC9D0450086D6E3 /* LocalizrIOSExampleUITests */ = {
			isa = PBXGroup;
			children = (
				175DCE871FC9D0450086D6E3 /* LocalizrIOSExampleUITests.swift */,
				175DCE891FC9D0450086D6E3 /* Info.plist */,
			);
			path = LocalizrIOSExampleUITests;
			sourceTree = "<group>";
		};
/* End PBXGroup section */

/* Begin PBXNativeTarget section */
		175DCE631FC9D0450086D6E3 /* LocalizrIOSExample */ = {
			isa = PBXNativeTarget;
			buildConfigurationList = 175DCE8C1FC9D0450086D6E3 /* Build configuration list for PBXNativeTarget "LocalizrIOSExample" */;
			buildPhases = (
				175DCE601FC9D0450086D6E3 /* Sources */,
				175DCE611FC9D0450086D6E3 /* Frameworks */,
				175DCE621FC9D0450086D6E3 /* Resources */,
			);
			buildRules = (
			);
			dependencies = (
			);
			name = LocalizrIOSExample;
			productName = LocalizrIOSExample;
			productReference = 175DCE641FC9D0450086D6E3 /* LocalizrIOSExample.app */;
			productType = "com.apple.product-type.application";
		};
		175DCE771FC9D0450086D6E3 /* LocalizrIOSExampleTests */ = {
			isa = PBXNativeTarget;
			buildConfigurationList = 175DCE8F1FC9D0450086D6E3 /* Build configuration list for PBXNativeTarget "LocalizrIOSExampleTests" */;
			buildPhases = (
				175DCE741FC9D0450086D6E3 /* Sources */,
				175DCE751FC9D0450086D6E3 /* Frameworks */,
				175DCE761FC9D0450086D6E3 /* Resources */,
			);
			buildRules = (
			);
			dependencies = (
				175DCE7A1FC9D0450086D6E3 /* PBXTargetDependency */,
			);
			name = LocalizrIOSExampleTests;
			productName = LocalizrIOSExampleTests;
			productReference = 175DCE781FC9D0450086D6E3 /* LocalizrIOSExampleTests.xctest */;
			productType = "com.apple.product-type.bundle.unit-test";
		};
		175DCE821FC9D0450086D6E3 /* LocalizrIOSExampleUITests */ = {
			isa = PBXNativeTarget;
			buildConfigurationList = 175DCE921FC9D0450086D6E3 /* Build configuration list for PBXNativeTarget "LocalizrIOSExampleUITests" */;
			buildPhases = (
				175DCE7F1FC9D0450086D6E3 /* Sources */,
				175DCE801FC9D0450086D6E3 /* Frameworks */,
				175DCE811FC9D0450086D6E3 /* Resources */,
			);
			buildRules = (
			);
			dependencies = (
				175DCE851FC9D0450086D6E3 /* PBXTargetDependency */,
			);
			name = LocalizrIOSExampleUITests;
			productName = LocalizrIOSExampleUITests;
			productReference = 175DCE831FC9D0450086D6E3 /* LocalizrIOSExampleUITests.xctest */;
			productType = "com.apple.product-type.bundle.ui-testing";
		};
/* End PBXNativeTarget section */

/* Begin PBXProject section */
		175DCE5C1FC9D0450086D6E3 /* Project object */ = {
			isa = PBXProject;
			attributes = {
				LastSwiftUpdateCheck = 0910;
				LastUpgradeCheck = 0910;
				ORGANIZATIONNAME = "Michael Henry Pantaleon";
				TargetAttributes = {
					175DCE631FC9D0450086D6E3 = {
						CreatedOnToolsVersion = 9.1;
						ProvisioningStyle = Manual;
					};
					175DCE771FC9D0450086D6E3 = {
						CreatedOnToolsVersion = 9.1;
						ProvisioningStyle = Automatic;
						TestTargetID = 175DCE631FC9D0450086D6E3;
					};
					175DCE821FC9D0450086D6E3 = {
						CreatedOnToolsVersion = 9.1;
						ProvisioningStyle = Automatic;
						TestTargetID = 175DCE631FC9D0450086D6E3;
					};
				};
			};
			buildConfigurationList = 175DCE5F1FC9D0450086D6E3 /* Build configuration list for PBXProject "LocalizrIOSExample" */;
			compatibilityVersion = "Xcode 8.0";
			developmentRegion = en;
			hasScannedForEncodings = 0;
			knownRegions = (
				en,
				Base,
				ja,
				zh,
			);
			mainGroup = 175DCE5B1FC9D0450086D6E3;
			productRefGroup = 175DCE651FC9D0450086D6E3 /* Products */;
			projectDirPath = "";
			projectRoot = "";
			targets = (
				175DCE631FC9D0450086D6E3 /* LocalizrIOSExample */,
				175DCE771FC9D0450086D6E3 /* LocalizrIOSExampleTests */,
				175DCE821FC9D0450086D6E3 /* LocalizrIOSExampleUITests */,
			);
		};
/* End PBXProject section */

/* Begin PBXResourcesBuildPhase section */
		175DCE621FC9D0450086D6E3 /* Resources */ = {
			isa = PBXResourcesBuildPhase;
			buildActionMask = 2147483647;
			files = (
				175DCE721FC9D0450086D6E3 /* LaunchScreen.storyboard in Resources */,
				175DCEA11FC9D56A0086D6E3 /* Localizable.strings in Resources */,
				175DCE6F1FC9D0450086D6E3 /* Assets.xcassets in Resources */,
				175DCE6D1FC9D0450086D6E3 /* Main.storyboard in Resources */,
			);
			runOnlyForDeploymentPostprocessing = 0;
		};
		175DCE761FC9D0450086D6E3 /* Resources */ = {
			isa = PBXResourcesBuildPhase;
			buildActionMask = 2147483647;
			files = (
			);
			runOnlyForDeploymentPostprocessing = 0;
		};
		175DCE811FC9D0450086D6E3 /* Resources */ = {
			isa = PBXResourcesBuildPhase;
			buildActionMask = 2147483647;
			files = (
			);
			runOnlyForDeploymentPostprocessing = 0;
		};
/* End PBXResourcesBuildPhase section */

/* Begin PBXSourcesBuildPhase section */
		175DCE601FC9D0450086D6E3 /* Sources */ = {
			isa = PBXSourcesBuildPhase;
			buildActionMask = 2147483647;
			files = (
				175DCE6A1FC9D0450086D6E3 /* ViewController.swift in Sources */,
				175DCE681FC9D0450086D6E3 /* AppDelegate.swift in Sources */,
			);
			runOnlyForDeploymentPostprocessing = 0;
		};
		175DCE741FC9D0450086D6E3 /* Sources */ = {
			isa = PBXSourcesBuildPhase;
			buildActionMask = 2147483647;
			files = (
				175DCE7D1FC9D0450086D6E3 /* LocalizrIOSExampleTests.swift in Sources */,
			);
			runOnlyForDeploymentPostprocessing = 0;
		};
		175DCE7F1FC9D0450086D6E3 /* Sources */ = {
			isa = PBXSourcesBuildPhase;
			buildActionMask = 2147483647;
			files = (
				175DCE881FC9D0450086D6E3 /* LocalizrIOSExampleUITests.swift in Sources */,
			);
			runOnlyForDeploymentPostprocessing = 0;
		};
/* End PBXSourcesBuildPhase section */

/* Begin PBXTargetDependency section */
		175DCE7A1FC9D0450086D6E3 /* PBXTargetDependency */ = {
			isa = PBXTargetDependency;
			target = 175DCE631FC9D0450086D6E3 /* LocalizrIOSExample */;
			targetProxy = 175DCE791FC9D0450086D6E3 /* PBXContainerItemProxy */;
		};
		175DCE851FC9D0450086D6E3 /* PBXTargetDependency */ = {
			isa = PBXTargetDependency;
			target = 175DCE631FC9D0450086D6E3 /* LocalizrIOSExample */;
			targetProxy = 175DCE841FC9D0450086D6E3 /* PBXContainerItemProxy */;
		};
/* End PBXTargetDependency section */

/* Begin PBXVariantGroup section */
		175DCE6B1FC9D0450086D6E3 /* Main.storyboard */ = {
			isa = PBXVariantGroup;
			children = (
				175DCE6C1FC9D0450086D6E3 /* Base */,
			);
			name = Main.storyboard;
			sourceTree = "<group>";
		};
		175DCE701FC9D0450086D6E3 /* LaunchScreen.storyboard */ = {
			isa = PBXVariantGroup;
			children = (
				175DCE711FC9D0450086D6E3 /* Base */,
			);
			name = LaunchScreen.storyboard;
			sourceTree = "<group>";
		};
		175DCEA31FC9D56A0086D6E3 /* Localizable.strings */ = {
			isa = PBXVariantGroup;
			children = (
				175DCEA21FC9D56A0086D6E3 /* ja */,
				175DCEA41FC9D56E0086D6E3 /* zh */,
				175DCEA61FC9D58A0086D6E3 /* Base */,
			);
			name = Localizable.strings;
			sourceTree = "<group>";
		};
/* End PBXVariantGroup section */

/* Begin XCBuildConfiguration section */
		175DCE8A1FC9D0450086D6E3 /* Debug */ = {
			isa = XCBuildConfiguration;
			buildSettings = {
				ALWAYS_SEARCH_USER_PATHS = NO;
				CLANG_ANALYZER_NONNULL = YES;
				CLANG_ANALYZER_NUMBER_OBJECT_CONVERSION = YES_AGGRESSIVE;
				CLANG_CXX_LANGUAGE_STANDARD = "gnu++14";
				CLANG_CXX_LIBRARY = "libc++";
				CLANG_ENABLE_MODULES = YES;
				CLANG_ENABLE_OBJC_ARC = YES;
				CLANG_WARN_BLOCK_CAPTURE_AUTORELEASING = YES;
				CLANG_WARN_BOOL_CONVERSION = YES;
				CLANG_WARN_COMMA = YES;
				CLANG_WARN_CONSTANT_CONVERSION = YES;
				CLANG_WARN_DIRECT_OBJC_ISA_USAGE = YES_ERROR;
				CLANG_WARN_DOCUMENTATION_COMMENTS = YES;
				CLANG_WARN_EMPTY_BODY = YES;
				CLANG_WARN_ENUM_CONVERSION = YES;
				CLANG_WARN_INFINITE_RECURSION = YES;
				CLANG_WARN_INT_CONVERSION = YES;
				CLANG_WARN_NON_LITERAL_NULL_CONVERSION = YES;
				CLANG_WARN_OBJC_LITERAL_CONVERSION = YES;
				CLANG_WARN_OBJC_ROOT_CLASS = YES_ERROR;
				CLANG_WARN_RANGE_LOOP_ANALYSIS = YES;
				CLANG_WARN_STRICT_PROTOTYPES = YES;
				CLANG_WARN_SUSPICIOUS_MOVE = YES;
				CLANG_WARN_UNGUARDED_AVAILABILITY = YES_AGGRESSIVE;
				CLANG_WARN_UNREACHABLE_CODE = YES;
				CLANG_WARN__DUPLICATE_METHOD_MATCH = YES;
				CODE_SIGN_IDENTITY = "iPhone Developer";
				COPY_PHASE_STRIP = NO;
				DEBUG_INFORMATION_FORMAT = dwarf;
				ENABLE_STRICT_OBJC_MSGSEND = YES;
				ENABLE_TESTABILITY = YES;
				GCC_C_LANGUAGE_STANDARD = gnu11;
				GCC_DYNAMIC_NO_PIC = NO;
				GCC_NO_COMMON_BLOCKS = YES;
				GCC_OPTIMIZATION_LEVEL = 0;
				GCC_PREPROCESSOR_DEFINITIONS = (
					"DEBUG=1",
					"$(inherited)",
				);
				GCC_WARN_64_TO_32_BIT_CONVERSION = YES;
				GCC_WARN_ABOUT_RETURN_TYPE = YES_ERROR;
				GCC_WARN_UNDECLARED_SELECTOR = YES;
				GCC_WARN_UNINITIALIZED_AUTOS = YES_AGGRESSIVE;
				GCC_WARN_UNUSED_FUNCTION = YES;
				GCC_WARN_UNUSED_VARIABLE = YES;
				IPHONEOS_DEPLOYMENT_TARGET = 11.1;
				MTL_ENABLE_DEBUG_INFO = YES;
				ONLY_ACTIVE_ARCH = YES;
				SDKROOT = iphoneos;
				SWIFT_ACTIVE_COMPILATION_CONDITIONS = DEBUG;
				SWIFT_OPTIMIZATION_LEVEL = "-Onone";
			};
			name = Debug;
		};
		175DCE8B1FC9D0450086D6E3 /* Release */ = {
			isa = XCBuildConfiguration;
			buildSettings = {
				ALWAYS_SEARCH_USER_PATHS = NO;
				CLANG_ANALYZER_NONNULL = YES;
				CLANG_ANALYZER_NUMBER_OBJECT_CONVERSION = YES_AGGRESSIVE;
				CLANG_CXX_LANGUAGE_STANDARD = "gnu++14";
				CLANG_CXX_LIBRARY = "libc++";
				CLANG_ENABLE_MODULES = YES;
				CLANG_ENABLE_OBJC_ARC = YES;
				CLANG_WARN_BLOCK_CAPTURE_AUTORELEASING = YES;
				CLANG_WARN_BOOL_CONVERSION = YES;
				CLANG_WARN_COMMA = YES;
				CLANG_WARN_CONSTANT_CONVERSION = YES;
				CLANG_WARN_DIRECT_OBJC_ISA_USAGE = YES_ERROR;
				CLANG_WARN_DOCUMENTATION_COMMENTS = YES;
				CLANG_WARN_EMPTY_BODY = YES;
				CLANG_WARN_ENUM_CONVERSION = YES;
				CLANG_WARN_INFINITE_RECURSION = YES;
				CLANG_WARN_INT_CONVERSION = YES;
				CLANG_WARN_NON_LITERAL_NULL_CONVERSION = YES;
				CLANG_WARN_OBJC_LITERAL_CONVERSION = YES;
				CLANG_WARN_OBJC_ROOT_CLASS = YES_ERROR;
				CLANG_WARN_RANGE_LOOP_ANALYSIS = YES;
				CLANG_WARN_STRICT_PROTOTYPES = YES;
				CLANG_WARN_SUSPICIOUS_MOVE = YES;
				CLANG_WARN_UNGUARDED_AVAILABILITY = YES_AGGRESSIVE;
				CLANG_WARN_UNREACHABLE_CODE = YES;
				CLANG_WARN__DUPLICATE_METHOD_MATCH = YES;
				CODE_SIGN_IDENTITY = "iPhone Developer";
				COPY_PHASE_STRIP = NO;
				DEBUG_INFORMATION_FORMAT = "dwarf-with-dsym";
				ENABLE_NS_ASSERTIONS = NO;
				ENABLE_STRICT_OBJC_MSGSEND = YES;
				GCC_C_LANGUAGE_STANDARD = gnu11;
				GCC_NO_COMMON_BLOCKS = YES;
				GCC_WARN_64_TO_32_BIT_CONVERSION = YES;
				GCC_WARN_ABOUT_RETURN_TYPE = YES_ERROR;
				GCC_WARN_UNDECLARED_SELECTOR = YES;
				GCC_WARN_UNINITIALIZED_AUTOS = YES_AGGRESSIVE;
				GCC_WARN_UNUSED_FUNCTION = YES;
				GCC_WARN_UNUSED_VARIABLE = YES;
				IPHONEOS_DEPLOYMENT_TARGET = 11.1;
				MTL_ENABLE_DEBUG_INFO = NO;
				SDKROOT = iphoneos;
				SWIFT_OPTIMIZATION_LEVEL = "-Owholemodule";
				VALIDATE_PRODUCT = YES;
			};
			name = Release;
		};
		175DCE8D1FC9D0450086D6E3 /* Debug */ = {
			isa = XCBuildConfiguration;
			buildSettings = {
				ASSETCATALOG_COMPILER_APPICON_NAME = AppIcon;
				CODE_SIGN_STYLE = Manual;
				DEVELOPMENT_TEAM = "";
				INFOPLIST_FILE = LocalizrIOSExample/Info.plist;
				LD_RUNPATH_SEARCH_PATHS = "$(inherited) @executable_path/Frameworks";
				PRODUCT_BUNDLE_IDENTIFIER = net.iamkel.LocalizrIOSExample;
				PRODUCT_NAME = "$(TARGET_NAME)";
				PROVISIONING_PROFILE_SPECIFIER = "";
				SWIFT_VERSION = 4.0;
				TARGETED_DEVICE_FAMILY = "1,2";
			};
			name = Debug;
		};
		175DCE8E1FC9D0450086D6E3 /* Release */ = {
			isa = XCBuildConfiguration;
			buildSettings = {
				ASSETCATALOG_COMPILER_APPICON_NAME = AppIcon;
				CODE_SIGN_STYLE = Manual;
				DEVELOPMENT_TEAM = "";
				INFOPLIST_FILE = LocalizrIOSExample/Info.plist;
				LD_RUNPATH_SEARCH_PATHS = "$(inherited) @executable_path/Frameworks";
				PRODUCT_BUNDLE_IDENTIFIER = net.iamkel.LocalizrIOSExample;
				PRODUCT_NAME = "$(TARGET_NAME)";
				PROVISIONING_PROFILE_SPECIFIER = "";
				SWIFT_VERSION = 4.0;
				TARGETED_DEVICE_FAMILY = "1,2";
			};
			name = Release;
		};
		175DCE901FC9D0450086D6E3 /* Debug */ = {
			isa = XCBuildConfiguration;
			buildSettings = {
				ALWAYS_EMBED_SWIFT_STANDARD_LIBRARIES = YES;
				BUNDLE_LOADER = "$(TEST_HOST)";
				CODE_SIGN_STYLE = Automatic;
				INFOPLIST_FILE = LocalizrIOSExampleTests/Info.plist;
				LD_RUNPATH_SEARCH_PATHS = "$(inherited) @executable_path/Frameworks @loader_path/Frameworks";
				PRODUCT_BUNDLE_IDENTIFIER = net.iamkel.LocalizrIOSExampleTests;
				PRODUCT_NAME = "$(TARGET_NAME)";
				SWIFT_VERSION = 4.0;
				TARGETED_DEVICE_FAMILY = "1,2";
				TEST_HOST = "$(BUILT_PRODUCTS_DIR)/LocalizrIOSExample.app/LocalizrIOSExample";
			};
			name = Debug;
		};
		175DCE911FC9D0450086D6E3 /* Release */ = {
			isa = XCBuildConfiguration;
			buildSettings = {
				ALWAYS_EMBED_SWIFT_STANDARD_LIBRARIES = YES;
				BUNDLE_LOADER = "$(TEST_HOST)";
				CODE_SIGN_STYLE = Automatic;
				INFOPLIST_FILE = LocalizrIOSExampleTests/Info.plist;
				LD_RUNPATH_SEARCH_PATHS = "$(inherited) @executable_path/Frameworks @loader_path/Frameworks";
				PRODUCT_BUNDLE_IDENTIFIER = net.iamkel.LocalizrIOSExampleTests;
				PRODUCT_NAME = "$(TARGET_NAME)";
				SWIFT_VERSION = 4.0;
				TARGETED_DEVICE_FAMILY = "1,2";
				TEST_HOST = "$(BUILT_PRODUCTS_DIR)/LocalizrIOSExample.app/LocalizrIOSExample";
			};
			name = Release;
		};
		175DCE931FC9D0450086D6E3 /* Debug */ = {
			isa = XCBuildConfiguration;
			buildSettings = {
				ALWAYS_EMBED_SWIFT_STANDARD_LIBRARIES = YES;
				CODE_SIGN_STYLE = Automatic;
				INFOPLIST_FILE = LocalizrIOSExampleUITests/Info.plist;
				LD_RUNPATH_SEARCH_PATHS = "$(inherited) @executable_path/Frameworks @loader_path/Frameworks";
				PRODUCT_BUNDLE_IDENTIFIER = net.iamkel.LocalizrIOSExampleUITests;
				PRODUCT_NAME = "$(TARGET_NAME)";
				SWIFT_VERSION = 4.0;
				TARGETED_DEVICE_FAMILY = "1,2";
				TEST_TARGET_NAME = LocalizrIOSExample;
			};
			name = Debug;
		};
		175DCE941FC9D0450086D6E3 /* Release */ = {
			isa = XCBuildConfiguration;
			buildSettings = {
				ALWAYS_EMBED_SWIFT_STANDARD_LIBRARIES = YES;
				CODE_SIGN_STYLE = Automatic;
				INFOPLIST_FILE = LocalizrIOSExampleUITests/Info.plist;
				LD_RUNPATH_SEARCH_PATHS = "$(inherited) @executable_path/Frameworks @loader_path/Frameworks";
				PRODUCT_BUNDLE_IDENTIFIER = net.iamkel.LocalizrIOSExampleUITests;
				PRODUCT_NAME = "$(TARGET_NAME)";
				SWIFT_VERSION = 4.0;
				TARGETED_DEVICE_FAMILY = "1,2";
				TEST_TARGET_NAME = LocalizrIOSExample;
			};
			name = Release;
		};
/* End XCBuildConfiguration section */

/* Begin XCConfigurationList section */
		175DCE5F1FC9D0450086D6E3 /* Build configuration list for PBXProject "LocalizrIOSExample" */ = {
			isa = XCConfigurationList;
			buildConfigurations = (
				175DCE8A1FC9D0450086D6E3 /* Debug */,
				175DCE8B1FC9D0450086D6E3 /* Release */,
			);
			defaultConfigurationIsVisible = 0;
			defaultConfigurationName = Release;
		};
		175DCE8C1FC9D0450086D6E3 /* Build configuration list for PBXNativeTarget "LocalizrIOSExample" */ = {
			isa = XCConfigurationList;
			buildConfigurations = (
				175DCE8D1FC9D0450086D6E3 /* Debug */,
				175DCE8E1FC9D0450086D6E3 /* Release */,
			);
			defaultConfigurationIsVisible = 0;
			defaultConfigurationName = Release;
		};
		175DCE8F1FC9D0450086D6E3 /* Build configuration list for PBXNativeTarget "LocalizrIOSExampleTests" */ = {
			isa = XCConfigurationList;
			buildConfigurations = (
				175DCE901FC9D0450086D6E3 /* Debug */,
				175DCE911FC9D0450086D6E3 /* Release */,
			);
			defaultConfigurationIsVisible = 0;
			defaultConfigurationName = Release;
		};
		175DCE921FC9D0450086D6E3 /* Build configuration list for PBXNativeTarget "LocalizrIOSExampleUITests" */ = {
			isa = XCConfigurationList;
			buildConfigurations = (
				175DCE931FC9D0450086D6E3 /* Debug */,
				175DCE941FC9D0450086D6E3 /* Release */,
			);
			defaultConfigurationIsVisible = 0;
			defaultConfigurationName = Release;
		};
/* End XCConfigurationList section */
	};
	rootObject = 175DCE5C1FC9D0450086D6E3 /* Project object */;
}
